<?xml version="1.0" encoding="utf-8"?>
<Project ToolsVersion="4.0" xmlns="http://schemas.microsoft.com/developer/msbuild/2003">
  <ItemGroup>
    <Filter Include="ソース ファイル">
      <UniqueIdentifier>{4FC737F1-C7A5-4376-A066-2A32D752A2FF}</UniqueIdentifier>
      <Extensions>cpp;c;cc;cxx;def;odl;idl;hpj;bat;asm;asmx</Extensions>
    </Filter>
    <Filter Include="ヘッダー ファイル">
      <UniqueIdentifier>{93995380-89BD-4b04-88EB-625FBE52EBFB}</UniqueIdentifier>
      <Extensions>h;hh;hpp;hxx;hm;inl;inc;xsd</Extensions>
    </Filter>
    <Filter Include="リソース ファイル">
      <UniqueIdentifier>{67DA6AB6-F800-4c08-8B7A-83BB121AAD01}</UniqueIdentifier>
      <Extensions>rc;ico;cur;bmp;dlg;rc2;rct;bin;rgs;gif;jpg;jpeg;jpe;resx;tiff;tif;png;wav;mfcribbon-ms</Extensions>
    </Filter>
    <Filter Include="ソース ファイル\Base">
      <UniqueIdentifier>{05daf3c7-9c11-4b21-9a1d-b7fefa41a3de}</UniqueIdentifier>
    </Filter>
    <Filter Include="ソース ファイル\Base\System">
      <UniqueIdentifier>{b89ddc2f-2e64-421a-a580-1673d79589ec}</UniqueIdentifier>
    </Filter>
    <Filter Include="ソース ファイル\Base\Element">
      <UniqueIdentifier>{115d69b4-f751-4e59-bd89-9e9f8520cb19}</UniqueIdentifier>
    </Filter>
    <Filter Include="ヘッダー ファイル\Base">
      <UniqueIdentifier>{33666cd6-1e51-4952-abd5-3259e53ffd7e}</UniqueIdentifier>
    </Filter>
    <Filter Include="ヘッダー ファイル\Base\System">
      <UniqueIdentifier>{fa346516-b88b-4e56-ba75-2b4b793033f7}</UniqueIdentifier>
    </Filter>
    <Filter Include="ヘッダー ファイル\Base\Element">
      <UniqueIdentifier>{445c93b0-68f3-4d0d-b92c-136e3415dfa5}</UniqueIdentifier>
    </Filter>
    <Filter Include="ヘッダー ファイル\Game">
      <UniqueIdentifier>{988f1a70-3e29-4cef-9925-e559e0678c1a}</UniqueIdentifier>
    </Filter>
    <Filter Include="ソース ファイル\Game">
      <UniqueIdentifier>{ae0dab84-a9a7-416a-bb62-828775f7ef0f}</UniqueIdentifier>
    </Filter>
    <Filter Include="ソース ファイル\Base\2D">
      <UniqueIdentifier>{c6751cf0-486c-4bbc-9c1e-4cf9d39c292a}</UniqueIdentifier>
    </Filter>
    <Filter Include="ヘッダー ファイル\Base\2D">
      <UniqueIdentifier>{b3a8420f-6dc3-4c4d-8be4-8aa31125c123}</UniqueIdentifier>
    </Filter>
    <Filter Include="ソース ファイル\Base\Input">
      <UniqueIdentifier>{3041d126-1ee5-45fb-813b-131ee65a504b}</UniqueIdentifier>
    </Filter>
    <Filter Include="ヘッダー ファイル\Base\Input">
      <UniqueIdentifier>{a50ddfa7-694a-4056-8d4b-02901ddd1453}</UniqueIdentifier>
    </Filter>
    <Filter Include="ソース ファイル\Base\Sound">
      <UniqueIdentifier>{e274b95a-58e0-40bd-b67f-fc59c3caa871}</UniqueIdentifier>
    </Filter>
    <Filter Include="ヘッダー ファイル\Base\Sound">
      <UniqueIdentifier>{e070af6d-6667-4895-8256-5ef8a104da4f}</UniqueIdentifier>
    </Filter>
    <Filter Include="ソース ファイル\Base\Effect">
      <UniqueIdentifier>{a9efafda-9ab8-4f93-ac6d-9e15edb79b8f}</UniqueIdentifier>
    </Filter>
    <Filter Include="ヘッダー ファイル\Base\Effect">
      <UniqueIdentifier>{0af2419e-86b0-4a94-bee8-87362b8c94f0}</UniqueIdentifier>
    </Filter>
    <Filter Include="ヘッダー ファイル\Base\Animation">
      <UniqueIdentifier>{e656aca2-66f9-4e4e-aa34-95f62b931927}</UniqueIdentifier>
    </Filter>
    <Filter Include="ソース ファイル\Base\Animation">
      <UniqueIdentifier>{bf907e52-add1-431b-9ee6-161167b94441}</UniqueIdentifier>
    </Filter>
    <Filter Include="ヘッダー ファイル\Base\Math">
      <UniqueIdentifier>{69b8318e-de45-4fe6-916b-9fca4ecf78f4}</UniqueIdentifier>
    </Filter>
    <Filter Include="ソース ファイル\Base\Physics">
      <UniqueIdentifier>{fbedd260-8d82-47e2-a273-dbf47fc02c35}</UniqueIdentifier>
    </Filter>
    <Filter Include="ヘッダー ファイル\Base\Physics">
      <UniqueIdentifier>{51d5c3b1-afcf-4d42-8be8-54cfe3179cb5}</UniqueIdentifier>
    </Filter>
    <Filter Include="ソース ファイル\Base\Time">
      <UniqueIdentifier>{83d6ccd1-9941-4357-bebe-314b5e579609}</UniqueIdentifier>
    </Filter>
    <Filter Include="ヘッダー ファイル\Base\Time">
      <UniqueIdentifier>{d8a29d18-e3e8-4a36-8a91-ea91b8405f56}</UniqueIdentifier>
    </Filter>
    <Filter Include="ヘッダー ファイル\Game\Application">
      <UniqueIdentifier>{11620999-6f5f-4621-b1f2-a09085aa55de}</UniqueIdentifier>
    </Filter>
    <Filter Include="ソース ファイル\Game\Application">
      <UniqueIdentifier>{96727091-97b0-4eb8-b929-987bb042984c}</UniqueIdentifier>
    </Filter>
    <Filter Include="ソース ファイル\Base\Debug">
      <UniqueIdentifier>{ead3d25b-4892-42a9-b46d-f91498d9b2cb}</UniqueIdentifier>
    </Filter>
    <Filter Include="ソース ファイル\Game\Scene">
      <UniqueIdentifier>{fa3e9a56-865a-4a8b-8040-d008ca16e39a}</UniqueIdentifier>
    </Filter>
    <Filter Include="ソース ファイル\Game\Scene\StageSelect">
      <UniqueIdentifier>{c01c310b-be4b-41b8-b177-fde4a7672161}</UniqueIdentifier>
    </Filter>
    <Filter Include="ソース ファイル\Game\Scene\Title">
      <UniqueIdentifier>{661680a3-25ba-4e3c-9134-19e6d2b3ef77}</UniqueIdentifier>
    </Filter>
    <Filter Include="ソース ファイル\Game\Actor">
      <UniqueIdentifier>{827d7d7f-53bf-4a7f-9a3a-eeda12fc2d37}</UniqueIdentifier>
    </Filter>
    <Filter Include="ソース ファイル\Game\Actor\Player">
      <UniqueIdentifier>{f38fe1b1-306d-4d0d-b84f-57f9eeb0a192}</UniqueIdentifier>
    </Filter>
    <Filter Include="ソース ファイル\Game\Light">
      <UniqueIdentifier>{7b452be5-b741-4332-bf19-a36583b9b43b}</UniqueIdentifier>
    </Filter>
    <Filter Include="ヘッダー ファイル\Base\Debug">
      <UniqueIdentifier>{1ef4637c-254f-4bc1-89bc-e9a71f3f7285}</UniqueIdentifier>
    </Filter>
    <Filter Include="ヘッダー ファイル\Game\Actor">
      <UniqueIdentifier>{4dd3484f-121a-4c19-8dd6-005aced31aa9}</UniqueIdentifier>
    </Filter>
    <Filter Include="ヘッダー ファイル\Game\Actor\Player">
      <UniqueIdentifier>{f856d3fc-2511-4ba4-a438-6ad739e7772d}</UniqueIdentifier>
    </Filter>
    <Filter Include="ヘッダー ファイル\Game\Light">
      <UniqueIdentifier>{9163e954-1461-49c1-bf93-e24338ad7a7c}</UniqueIdentifier>
    </Filter>
    <Filter Include="ヘッダー ファイル\Game\Scene">
      <UniqueIdentifier>{a4bf2fd9-68a8-4c0e-8044-32ab1270cd74}</UniqueIdentifier>
    </Filter>
    <Filter Include="ヘッダー ファイル\Game\Scene\StageSelect">
      <UniqueIdentifier>{4599920f-4dea-4276-ba34-9e86d07ef533}</UniqueIdentifier>
    </Filter>
    <Filter Include="ヘッダー ファイル\Game\Scene\Title">
      <UniqueIdentifier>{aca40e83-8f95-43c1-a850-92c631616513}</UniqueIdentifier>
    </Filter>
    <Filter Include="ソース ファイル\Game\Actor\Common">
      <UniqueIdentifier>{f649cb33-fbcf-407d-ab93-068af8a47601}</UniqueIdentifier>
    </Filter>
    <Filter Include="ヘッダー ファイル\Game\Actor\Common">
      <UniqueIdentifier>{19f5967a-2378-46dd-aac4-317243c5179d}</UniqueIdentifier>
    </Filter>
    <Filter Include="ヘッダー ファイル\Test">
      <UniqueIdentifier>{1fe58000-9b75-4259-97bb-bd9763871562}</UniqueIdentifier>
    </Filter>
    <Filter Include="ヘッダー ファイル\Test\Scene">
      <UniqueIdentifier>{c348ede8-8c38-4565-9c36-a4958a93139d}</UniqueIdentifier>
    </Filter>
    <Filter Include="ソース ファイル\Test">
      <UniqueIdentifier>{a81e5d61-c1ca-4a70-8da5-abdf59906ac2}</UniqueIdentifier>
    </Filter>
    <Filter Include="ソース ファイル\Test\Scene">
      <UniqueIdentifier>{28a8bb31-861a-444a-97ae-363ad5fecbbe}</UniqueIdentifier>
    </Filter>
    <Filter Include="ヘッダー ファイル\Test\Object">
      <UniqueIdentifier>{ac7717a3-bdf0-4732-9583-c771c1d63559}</UniqueIdentifier>
    </Filter>
    <Filter Include="ソース ファイル\Test\Object">
      <UniqueIdentifier>{2c4041c1-06c8-4e1c-b518-6e4523a6ad0a}</UniqueIdentifier>
    </Filter>
    <Filter Include="ヘッダー ファイル\Base\Physics\Element">
      <UniqueIdentifier>{66546879-6932-4697-aeba-e74cd2c1dfb6}</UniqueIdentifier>
    </Filter>
    <Filter Include="ソース ファイル\Base\Physics\Element">
      <UniqueIdentifier>{a3b72673-a829-4c39-81b4-b3ae9341c311}</UniqueIdentifier>
    </Filter>
    <Filter Include="ヘッダー ファイル\Base\Physics\World">
      <UniqueIdentifier>{8b5310f9-e024-4d34-89e2-3f793284b10d}</UniqueIdentifier>
    </Filter>
    <Filter Include="ソース ファイル\Base\Physics\World">
      <UniqueIdentifier>{8c548a2c-ea76-4f5c-b9c7-e9b064732503}</UniqueIdentifier>
    </Filter>
    <Filter Include="ソース ファイル\Base\Physics\Debug">
      <UniqueIdentifier>{f40a60b4-7d7f-4c08-9fff-e260b7d1ee90}</UniqueIdentifier>
    </Filter>
    <Filter Include="ヘッダー ファイル\Base\Physics\Debug">
      <UniqueIdentifier>{a316c3f5-5369-48eb-83f3-b3ba34e2dea9}</UniqueIdentifier>
    </Filter>
    <Filter Include="ソース ファイル\Game\Stage">
      <UniqueIdentifier>{e8def10b-43ba-4134-a07c-64416f2be81e}</UniqueIdentifier>
    </Filter>
    <Filter Include="ヘッダー ファイル\Game\Stage">
      <UniqueIdentifier>{69ca8f3c-ed18-46f6-97c6-fea6aaaf7979}</UniqueIdentifier>
    </Filter>
    <Filter Include="ソース ファイル\Base\Physics\Func">
      <UniqueIdentifier>{228623f4-de72-4e4e-879a-902717d13166}</UniqueIdentifier>
    </Filter>
    <Filter Include="ヘッダー ファイル\Base\Physics\Func">
      <UniqueIdentifier>{fc1915c6-1f3c-4644-8111-9f555d499311}</UniqueIdentifier>
    </Filter>
    <Filter Include="ソース ファイル\Base\Light">
      <UniqueIdentifier>{313edeff-ebd6-461e-ae2b-764e9a57e799}</UniqueIdentifier>
    </Filter>
    <Filter Include="ヘッダー ファイル\Base\Light">
      <UniqueIdentifier>{944100da-42a9-4fb3-8a3b-5368f9179f0b}</UniqueIdentifier>
    </Filter>
  </ItemGroup>
  <ItemGroup>
    <ClCompile Include="src\main.cpp">
      <Filter>ソース ファイル</Filter>
    </ClCompile>
    <ClCompile Include="src\Base\System\scene.cpp">
      <Filter>ソース ファイル\Base\System</Filter>
    </ClCompile>
    <ClCompile Include="src\Base\Time\time.cpp">
      <Filter>ソース ファイル\Base\Time</Filter>
    </ClCompile>
    <ClCompile Include="src\Game\Application\application.cpp">
      <Filter>ソース ファイル\Game\Application</Filter>
    </ClCompile>
    <ClCompile Include="src\Base\System\scene_manager.cpp">
      <Filter>ソース ファイル\Base\System</Filter>
    </ClCompile>
    <ClCompile Include="src\Base\Element\gameobject.cpp">
      <Filter>ソース ファイル\Base\Element</Filter>
    </ClCompile>
    <ClCompile Include="src\Base\Element\transform.cpp">
      <Filter>ソース ファイル\Base\Element</Filter>
    </ClCompile>
    <ClCompile Include="src\Base\Element\component.cpp">
      <Filter>ソース ファイル\Base\Element</Filter>
    </ClCompile>
    <ClCompile Include="src\Base\2D\sprite.cpp">
      <Filter>ソース ファイル\Base\2D</Filter>
    </ClCompile>
    <ClCompile Include="src\Base\2D\texture.cpp">
      <Filter>ソース ファイル\Base\2D</Filter>
    </ClCompile>
    <ClCompile Include="src\Base\2D\camera.cpp">
      <Filter>ソース ファイル\Base\2D</Filter>
    </ClCompile>
    <ClCompile Include="src\Test\Scene\draw_test_scene.cpp">
      <Filter>ソース ファイル\Test\Scene</Filter>
    </ClCompile>
    <ClCompile Include="src\Test\Object\fps_object.cpp">
      <Filter>ソース ファイル\Test\Object</Filter>
    </ClCompile>
    <ClCompile Include="src\Test\Object\draw_number.cpp">
      <Filter>ソース ファイル\Test\Object</Filter>
    </ClCompile>
    <ClCompile Include="src\Test\Object\frame_counter.cpp">
      <Filter>ソース ファイル\Test\Object</Filter>
    </ClCompile>
    <ClCompile Include="src\Base\Input\keyboard.cpp">
      <Filter>ソース ファイル\Base\Input</Filter>
    </ClCompile>
    <ClCompile Include="src\Base\Input\mouse.cpp">
      <Filter>ソース ファイル\Base\Input</Filter>
    </ClCompile>
    <ClCompile Include="src\Base\Input\gamepad.cpp">
      <Filter>ソース ファイル\Base\Input</Filter>
    </ClCompile>
    <ClCompile Include="src\Base\Input\input.cpp">
      <Filter>ソース ファイル\Base\Input</Filter>
    </ClCompile>
    <ClCompile Include="src\Base\Debug\debugger.cpp">
      <Filter>ソース ファイル\Base\Debug</Filter>
    </ClCompile>
    <ClCompile Include="src\Base\Physics\Element\collider.cpp">
      <Filter>ソース ファイル\Base\Physics\Element</Filter>
    </ClCompile>
    <ClCompile Include="src\Base\Physics\Element\polygon_collider.cpp">
      <Filter>ソース ファイル\Base\Physics\Element</Filter>
    </ClCompile>
    <ClCompile Include="src\Base\Physics\Element\box_collider.cpp">
      <Filter>ソース ファイル\Base\Physics\Element</Filter>
    </ClCompile>
    <ClCompile Include="src\Base\Physics\Element\circle_collider.cpp">
      <Filter>ソース ファイル\Base\Physics\Element</Filter>
    </ClCompile>
    <ClCompile Include="src\Base\Physics\World\physics_world.cpp">
      <Filter>ソース ファイル\Base\Physics\World</Filter>
    </ClCompile>
    <ClCompile Include="src\Test\Scene\physics_test_scene.cpp">
      <Filter>ソース ファイル\Test\Scene</Filter>
    </ClCompile>
    <ClCompile Include="src\Base\Physics\Debug\debug_draw.cpp">
      <Filter>ソース ファイル\Base\Physics\Debug</Filter>
    </ClCompile>
    <ClCompile Include="src\Game\Stage\tile.cpp">
      <Filter>ソース ファイル\Game\Stage</Filter>
    </ClCompile>
    <ClCompile Include="src\Base\Physics\Func\physics_func.cpp">
      <Filter>ソース ファイル\Base\Physics\Func</Filter>
    </ClCompile>
    <ClCompile Include="src\Game\Stage\stage.cpp">
      <Filter>ソース ファイル\Game\Stage</Filter>
    </ClCompile>
    <ClCompile Include="src\Base\Light\light.cpp">
      <Filter>ソース ファイル\Base\Light</Filter>
    </ClCompile>
    <ClCompile Include="src\Base\Light\corner_candidates.cpp">
      <Filter>ソース ファイル\Base\Light</Filter>
    </ClCompile>
    <ClCompile Include="src\Test\Scene\light_test_scene.cpp">
      <Filter>ソース ファイル\Test\Scene</Filter>
    </ClCompile>
  </ItemGroup>
  <ItemGroup>
    <ClInclude Include="src\Base\System\scene.h">
      <Filter>ヘッダー ファイル\Base\System</Filter>
    </ClInclude>
    <ClInclude Include="src\Base\Time\time.h">
      <Filter>ヘッダー ファイル\Base\Time</Filter>
    </ClInclude>
    <ClInclude Include="src\Game\Application\application.h">
      <Filter>ヘッダー ファイル\Game\Application</Filter>
    </ClInclude>
    <ClInclude Include="src\Base\System\scene_manager.h">
      <Filter>ヘッダー ファイル\Base\System</Filter>
    </ClInclude>
    <ClInclude Include="src\Base\Element\gameobject.h">
      <Filter>ヘッダー ファイル\Base\Element</Filter>
    </ClInclude>
    <ClInclude Include="src\Base\Element\transform.h">
      <Filter>ヘッダー ファイル\Base\Element</Filter>
    </ClInclude>
    <ClInclude Include="src\Base\Element\component.h">
      <Filter>ヘッダー ファイル\Base\Element</Filter>
    </ClInclude>
    <ClInclude Include="src\Base\Math\vector3.h">
      <Filter>ヘッダー ファイル\Base\Math</Filter>
    </ClInclude>
    <ClInclude Include="src\Base\Math\math.h">
      <Filter>ヘッダー ファイル\Base\Math</Filter>
    </ClInclude>
    <ClInclude Include="src\Base\Math\matrix3x3.h">
      <Filter>ヘッダー ファイル\Base\Math</Filter>
    </ClInclude>
    <ClInclude Include="src\Base\Math\matrix4x3.h">
      <Filter>ヘッダー ファイル\Base\Math</Filter>
    </ClInclude>
    <ClInclude Include="src\Base\Math\quaternion.h">
      <Filter>ヘッダー ファイル\Base\Math</Filter>
    </ClInclude>
    <ClInclude Include="src\Base\Math\vector2.h">
      <Filter>ヘッダー ファイル\Base\Math</Filter>
    </ClInclude>
    <ClInclude Include="src\Base\2D\sprite.h">
      <Filter>ヘッダー ファイル\Base\2D</Filter>
    </ClInclude>
    <ClInclude Include="src\Base\2D\texture.h">
      <Filter>ヘッダー ファイル\Base\2D</Filter>
    </ClInclude>
    <ClInclude Include="src\Base\2D\camera.h">
      <Filter>ヘッダー ファイル\Base\2D</Filter>
    </ClInclude>
    <ClInclude Include="src\Test\Scene\draw_test_scene.h">
      <Filter>ヘッダー ファイル\Test\Scene</Filter>
    </ClInclude>
    <ClInclude Include="src\Test\Object\fps_object.h">
      <Filter>ヘッダー ファイル\Test\Object</Filter>
    </ClInclude>
    <ClInclude Include="src\Test\Object\draw_number.h">
      <Filter>ヘッダー ファイル\Test\Object</Filter>
    </ClInclude>
    <ClInclude Include="src\Test\Object\frame_counter.h">
      <Filter>ヘッダー ファイル\Test\Object</Filter>
    </ClInclude>
    <ClInclude Include="src\Base\Input\keyboard.h">
      <Filter>ヘッダー ファイル\Base\Input</Filter>
    </ClInclude>
    <ClInclude Include="src\Base\Input\mouse.h">
      <Filter>ヘッダー ファイル\Base\Input</Filter>
    </ClInclude>
    <ClInclude Include="src\Base\Input\gamepad.h">
      <Filter>ヘッダー ファイル\Base\Input</Filter>
    </ClInclude>
    <ClInclude Include="src\Base\Input\input.h">
      <Filter>ヘッダー ファイル\Base\Input</Filter>
    </ClInclude>
    <ClInclude Include="src\Base\Debug\debugger.h">
      <Filter>ヘッダー ファイル\Base\Debug</Filter>
    </ClInclude>
    <ClInclude Include="src\Base\Physics\Element\collider.h">
      <Filter>ヘッダー ファイル\Base\Physics\Element</Filter>
    </ClInclude>
    <ClInclude Include="src\Base\Physics\Element\circle_collider.h">
      <Filter>ヘッダー ファイル\Base\Physics\Element</Filter>
    </ClInclude>
    <ClInclude Include="src\Base\Physics\Element\polygon_collider.h">
      <Filter>ヘッダー ファイル\Base\Physics\Element</Filter>
    </ClInclude>
    <ClInclude Include="src\Base\Physics\Element\box_collider.h">
      <Filter>ヘッダー ファイル\Base\Physics\Element</Filter>
    </ClInclude>
    <ClInclude Include="src\Base\Physics\World\physics_world.h">
      <Filter>ヘッダー ファイル\Base\Physics\World</Filter>
    </ClInclude>
    <ClInclude Include="src\Base\Physics\physics.h">
      <Filter>ヘッダー ファイル\Base\Physics</Filter>
    </ClInclude>
    <ClInclude Include="src\Test\Scene\physics_test_scene.h">
      <Filter>ヘッダー ファイル\Test\Scene</Filter>
    </ClInclude>
    <ClInclude Include="src\Base\Physics\Debug\debug_draw.h">
      <Filter>ヘッダー ファイル\Base\Physics\Debug</Filter>
    </ClInclude>
    <ClInclude Include="src\Game\Stage\stage.h">
      <Filter>ヘッダー ファイル\Game\Stage</Filter>
    </ClInclude>
    <ClInclude Include="src\Game\Stage\tile.h">
      <Filter>ヘッダー ファイル\Game\Stage</Filter>
    </ClInclude>
    <ClInclude Include="src\Base\Physics\Func\physics_func.h">
      <Filter>ヘッダー ファイル\Base\Physics\Func</Filter>
    </ClInclude>
    <ClInclude Include="src\Base\Light\light.h">
      <Filter>ヘッダー ファイル\Base\Light</Filter>
    </ClInclude>
    <ClInclude Include="src\Base\Light\corner_candidates.h">
      <Filter>ヘッダー ファイル\Base\Light</Filter>
    </ClInclude>
    <ClInclude Include="src\Test\Scene\light_test_scene.h">
      <Filter>ヘッダー ファイル\Test\Scene</Filter>
    </ClInclude>
  </ItemGroup>
</Project>